
Microsoft Visual Studio Solution File, Format Version 12.00
# Visual Studio Version 17
VisualStudioVersion = 17.5.002.0
MinimumVisualStudioVersion = 10.0.40219.1
Project("{9A19103F-16F7-4668-BE54-9A1E7A4F7556}") = "LekZ1", "LekZ1.csproj", "{3291444A-55D4-49F2-AACF-B9BE8CC9EC93}"
EndProject
Global
	GlobalSection(SolutionConfigurationPlatforms) = preSolution
		Debug|Any CPU = Debug|Any CPU
		Release|Any CPU = Release|Any CPU
	EndGlobalSection
	GlobalSection(ProjectConfigurationPlatforms) = postSolution
		{3291444A-55D4-49F2-AACF-B9BE8CC9EC93}.Debug|Any CPU.ActiveCfg = Debug|Any CPU
		{3291444A-55D4-49F2-AACF-B9BE8CC9EC93}.Debug|Any CPU.Build.0 = Debug|Any CPU
		{3291444A-55D4-49F2-AACF-B9BE8CC9EC93}.Release|Any CPU.ActiveCfg = Release|Any CPU
		{3291444A-55D4-49F2-AACF-B9BE8CC9EC93}.Release|Any CPU.Build.0 = Release|Any CPU
	EndGlobalSection
	GlobalSection(SolutionProperties) = preSolution
		HideSolutionNode = FALSE
	EndGlobalSection
	GlobalSection(ExtensibilityGlobals) = postSolution
		SolutionGuid = {5E10AED2-9EDE-47FD-9C2A-3A8699DD4AA8}
	EndGlobalSection
EndGlobal
